
Microsoft Visual Studio Solution File, Format Version 12.00
# Visual Studio 2012
Project("{8BC9CEB8-8B4A-11D0-8D11-00A0C91BC942}") = "3DBPP Instance Generator", "3DBPP Instance Generator\3DBPP Instance Generator.vcxproj", "{5D5FA3C8-EB7C-4F35-B115-4893EB04CF29}"
EndProject
Global
	GlobalSection(SolutionConfigurationPlatforms) = preSolution
		Debug|Win32 = Debug|Win32
		Release|Win32 = Release|Win32
	EndGlobalSection
	GlobalSection(ProjectConfigurationPlatforms) = postSolution
		{5D5FA3C8-EB7C-4F35-B115-4893EB04CF29}.Debug|Win32.ActiveCfg = Debug|Win32
		{5D5FA3C8-EB7C-4F35-B115-4893EB04CF29}.Debug|Win32.Build.0 = Debug|Win32
		{5D5FA3C8-EB7C-4F35-B115-4893EB04CF29}.Release|Win32.ActiveCfg = Release|Win32
		{5D5FA3C8-EB7C-4F35-B115-4893EB04CF29}.Release|Win32.Build.0 = Release|Win32
	EndGlobalSection
	GlobalSection(SolutionProperties) = preSolution
		HideSolutionNode = FALSE
	EndGlobalSection
EndGlobal
